// !$*UTF8*$!
{
	archiveVersion = 1;
	classes = {
	};
	objectVersion = 48;
	objects = {

/* Begin PBXBuildFile section */
		5FE70EDE1599EBB11BD080F2 /* Pods_SpineSampleProject.framework in Frameworks */ = {isa = PBXBuildFile; fileRef = 0860639B965B0ACC1A8CF368 /* Pods_SpineSampleProject.framework */; };
		7710A9C4203F708D001D5366 /* goblins-ess.json in Resources */ = {isa = PBXBuildFile; fileRef = 7710A9C3203F708D001D5366 /* goblins-ess.json */; };
		778C8D95203F350200EA1A25 /* AppDelegate.swift in Sources */ = {isa = PBXBuildFile; fileRef = 778C8D94203F350200EA1A25 /* AppDelegate.swift */; };
		778C8D9B203F350200EA1A25 /* GameScene.swift in Sources */ = {isa = PBXBuildFile; fileRef = 778C8D9A203F350200EA1A25 /* GameScene.swift */; };
		778C8D9D203F350200EA1A25 /* GameViewController.swift in Sources */ = {isa = PBXBuildFile; fileRef = 778C8D9C203F350200EA1A25 /* GameViewController.swift */; };
		778C8DA0203F350200EA1A25 /* Main.storyboard in Resources */ = {isa = PBXBuildFile; fileRef = 778C8D9E203F350200EA1A25 /* Main.storyboard */; };
		778C8DA2203F350200EA1A25 /* Assets.xcassets in Resources */ = {isa = PBXBuildFile; fileRef = 778C8DA1203F350200EA1A25 /* Assets.xcassets */; };
		778C8DA5203F350200EA1A25 /* LaunchScreen.storyboard in Resources */ = {isa = PBXBuildFile; fileRef = 778C8DA3203F350200EA1A25 /* LaunchScreen.storyboard */; };
/* End PBXBuildFile section */

/* Begin PBXFileReference section */
		0860639B965B0ACC1A8CF368 /* Pods_SpineSampleProject.framework */ = {isa = PBXFileReference; explicitFileType = wrapper.framework; includeInIndex = 0; path = Pods_SpineSampleProject.framework; sourceTree = BUILT_PRODUCTS_DIR; };
		1A4198A147B74077374EDE7F /* Pods-SpineSampleProject.debug.xcconfig */ = {isa = PBXFileReference; includeInIndex = 1; lastKnownFileType = text.xcconfig; name = "Pods-SpineSampleProject.debug.xcconfig"; path = "Pods/Target Support Files/Pods-SpineSampleProject/Pods-SpineSampleProject.debug.xcconfig"; sourceTree = "<group>"; };
		7710A9C3203F708D001D5366 /* goblins-ess.json */ = {isa = PBXFileReference; fileEncoding = 4; lastKnownFileType = text.json; path = "goblins-ess.json"; sourceTree = "<group>"; };
		778C8D91203F350200EA1A25 /* SpineSampleProject.app */ = {isa = PBXFileReference; explicitFileType = wrapper.application; includeInIndex = 0; path = SpineSampleProject.app; sourceTree = BUILT_PRODUCTS_DIR; };
		778C8D94203F350200EA1A25 /* AppDelegate.swift */ = {isa = PBXFileReference; lastKnownFileType = sourcecode.swift; path = AppDelegate.swift; sourceTree = "<group>"; };
		778C8D9A203F350200EA1A25 /* GameScene.swift */ = {isa = PBXFileReference; lastKnownFileType = sourcecode.swift; path = GameScene.swift; sourceTree = "<group>"; };
		778C8D9C203F350200EA1A25 /* GameViewController.swift */ = {isa = PBXFileReference; lastKnownFileType = sourcecode.swift; path = GameViewController.swift; sourceTree = "<group>"; };
		778C8D9F203F350200EA1A25 /* Base */ = {isa = PBXFileReference; lastKnownFileType = file.storyboard; name = Base; path = Base.lproj/Main.storyboard; sourceTree = "<group>"; };
		778C8DA1203F350200EA1A25 /* Assets.xcassets */ = {isa = PBXFileReference; lastKnownFileType = folder.assetcatalog; path = Assets.xcassets; sourceTree = "<group>"; };
		778C8DA4203F350200EA1A25 /* Base */ = {isa = PBXFileReference; lastKnownFileType = file.storyboard; name = Base; path = Base.lproj/LaunchScreen.storyboard; sourceTree = "<group>"; };
		778C8DA6203F350200EA1A25 /* Info.plist */ = {isa = PBXFileReference; lastKnownFileType = text.plist.xml; path = Info.plist; sourceTree = "<group>"; };
		FA4C7E843F882DE86016AC5C /* Pods-SpineSampleProject.release.xcconfig */ = {isa = PBXFileReference; includeInIndex = 1; lastKnownFileType = text.xcconfig; name = "Pods-SpineSampleProject.release.xcconfig"; path = "Pods/Target Support Files/Pods-SpineSampleProject/Pods-SpineSampleProject.release.xcconfig"; sourceTree = "<group>"; };
/* End PBXFileReference section */

/* Begin PBXFrameworksBuildPhase section */
		778C8D8E203F350200EA1A25 /* Frameworks */ = {
			isa = PBXFrameworksBuildPhase;
			buildActionMask = 2147483647;
			files = (
				5FE70EDE1599EBB11BD080F2 /* Pods_SpineSampleProject.framework in Frameworks */,
			);
			runOnlyForDeploymentPostprocessing = 0;
		};
/* End PBXFrameworksBuildPhase section */

/* Begin PBXGroup section */
		11F1164EBDD031444943A24B /* Frameworks */ = {
			isa = PBXGroup;
			children = (
				0860639B965B0ACC1A8CF368 /* Pods_SpineSampleProject.framework */,
			);
			name = Frameworks;
			sourceTree = "<group>";
		};
		778C8D88203F350200EA1A25 = {
			isa = PBXGroup;
			children = (
				778C8D93203F350200EA1A25 /* SpineSampleProject */,
				778C8D92203F350200EA1A25 /* Products */,
				EE446723962BCEB25034B546 /* Pods */,
				11F1164EBDD031444943A24B /* Frameworks */,
			);
			sourceTree = "<group>";
		};
		778C8D92203F350200EA1A25 /* Products */ = {
			isa = PBXGroup;
			children = (
				778C8D91203F350200EA1A25 /* SpineSampleProject.app */,
			);
			name = Products;
			sourceTree = "<group>";
		};
		778C8D93203F350200EA1A25 /* SpineSampleProject */ = {
			isa = PBXGroup;
			children = (
				778C8D94203F350200EA1A25 /* AppDelegate.swift */,
				778C8D9A203F350200EA1A25 /* GameScene.swift */,
				778C8D9C203F350200EA1A25 /* GameViewController.swift */,
				778C8D9E203F350200EA1A25 /* Main.storyboard */,
				778C8DA1203F350200EA1A25 /* Assets.xcassets */,
				7710A9C3203F708D001D5366 /* goblins-ess.json */,
				778C8DA3203F350200EA1A25 /* LaunchScreen.storyboard */,
				778C8DA6203F350200EA1A25 /* Info.plist */,
			);
			path = SpineSampleProject;
			sourceTree = "<group>";
		};
		EE446723962BCEB25034B546 /* Pods */ = {
			isa = PBXGroup;
			children = (
				1A4198A147B74077374EDE7F /* Pods-SpineSampleProject.debug.xcconfig */,
				FA4C7E843F882DE86016AC5C /* Pods-SpineSampleProject.release.xcconfig */,
			);
			name = Pods;
			sourceTree = "<group>";
		};
/* End PBXGroup section */

/* Begin PBXNativeTarget section */
		778C8D90203F350200EA1A25 /* SpineSampleProject */ = {
			isa = PBXNativeTarget;
			buildConfigurationList = 778C8DA9203F350200EA1A25 /* Build configuration list for PBXNativeTarget "SpineSampleProject" */;
			buildPhases = (
				E893E201439C3E72C6AB7948 /* [CP] Check Pods Manifest.lock */,
				778C8D8D203F350200EA1A25 /* Sources */,
				778C8D8E203F350200EA1A25 /* Frameworks */,
				778C8D8F203F350200EA1A25 /* Resources */,
				C8C3B4F9D909FC157E550280 /* [CP] Embed Pods Frameworks */,
			);
			buildRules = (
			);
			dependencies = (
			);
			name = SpineSampleProject;
			productName = SpineSampleProject;
			productReference = 778C8D91203F350200EA1A25 /* SpineSampleProject.app */;
			productType = "com.apple.product-type.application";
		};
/* End PBXNativeTarget section */

/* Begin PBXProject section */
		778C8D89203F350200EA1A25 /* Project object */ = {
			isa = PBXProject;
			attributes = {
				LastSwiftUpdateCheck = 0920;
				LastUpgradeCheck = 1020;
				ORGANIZATIONNAME = "Max Gribov";
				TargetAttributes = {
					778C8D90203F350200EA1A25 = {
						CreatedOnToolsVersion = 9.2;
						LastSwiftMigration = 1020;
						ProvisioningStyle = Automatic;
					};
				};
			};
			buildConfigurationList = 778C8D8C203F350200EA1A25 /* Build configuration list for PBXProject "SpineSampleProject" */;
			compatibilityVersion = "Xcode 8.0";
			developmentRegion = en;
			hasScannedForEncodings = 0;
			knownRegions = (
				en,
				Base,
			);
			mainGroup = 778C8D88203F350200EA1A25;
			productRefGroup = 778C8D92203F350200EA1A25 /* Products */;
			projectDirPath = "";
			projectRoot = "";
			targets = (
				778C8D90203F350200EA1A25 /* SpineSampleProject */,
			);
		};
/* End PBXProject section */

/* Begin PBXResourcesBuildPhase section */
		778C8D8F203F350200EA1A25 /* Resources */ = {
			isa = PBXResourcesBuildPhase;
			buildActionMask = 2147483647;
			files = (
				778C8DA0203F350200EA1A25 /* Main.storyboard in Resources */,
				778C8DA2203F350200EA1A25 /* Assets.xcassets in Resources */,
				778C8DA5203F350200EA1A25 /* LaunchScreen.storyboard in Resources */,
				7710A9C4203F708D001D5366 /* goblins-ess.json in Resources */,
			);
			runOnlyForDeploymentPostprocessing = 0;
		};
/* End PBXResourcesBuildPhase section */

/* Begin PBXShellScriptBuildPhase section */
		C8C3B4F9D909FC157E550280 /* [CP] Embed Pods Frameworks */ = {
			isa = PBXShellScriptBuildPhase;
			buildActionMask = 2147483647;
			files = (
			);
			inputPaths = (
				"${SRCROOT}/Pods/Target Support Files/Pods-SpineSampleProject/Pods-SpineSampleProject-frameworks.sh",
				"${BUILT_PRODUCTS_DIR}/Spine/Spine.framework",
			);
			name = "[CP] Embed Pods Frameworks";
			outputPaths = (
				"${TARGET_BUILD_DIR}/${FRAMEWORKS_FOLDER_PATH}/Spine.framework",
			);
			runOnlyForDeploymentPostprocessing = 0;
			shellPath = /bin/sh;
			shellScript = "\"${SRCROOT}/Pods/Target Support Files/Pods-SpineSampleProject/Pods-SpineSampleProject-frameworks.sh\"\n";
			showEnvVarsInLog = 0;
		};
		E893E201439C3E72C6AB7948 /* [CP] Check Pods Manifest.lock */ = {
			isa = PBXShellScriptBuildPhase;
			buildActionMask = 2147483647;
			files = (
			);
			inputPaths = (
				"${PODS_PODFILE_DIR_PATH}/Podfile.lock",
				"${PODS_ROOT}/Manifest.lock",
			);
			name = "[CP] Check Pods Manifest.lock";
			outputPaths = (
				"$(DERIVED_FILE_DIR)/Pods-SpineSampleProject-checkManifestLockResult.txt",
			);
			runOnlyForDeploymentPostprocessing = 0;
			shellPath = /bin/sh;
			shellScript = "diff \"${PODS_PODFILE_DIR_PATH}/Podfile.lock\" \"${PODS_ROOT}/Manifest.lock\" > /dev/null\nif [ $? != 0 ] ; then\n    # print error to STDERR\n    echo \"error: The sandbox is not in sync with the Podfile.lock. Run 'pod install' or update your CocoaPods installation.\" >&2\n    exit 1\nfi\n# This output is used by Xcode 'outputs' to avoid re-running this script phase.\necho \"SUCCESS\" > \"${SCRIPT_OUTPUT_FILE_0}\"\n";
			showEnvVarsInLog = 0;
		};
/* End PBXShellScriptBuildPhase section */

/* Begin PBXSourcesBuildPhase section */
		778C8D8D203F350200EA1A25 /* Sources */ = {
			isa = PBXSourcesBuildPhase;
			buildActionMask = 2147483647;
			files = (
				778C8D9B203F350200EA1A25 /* GameScene.swift in Sources */,
				778C8D9D203F350200EA1A25 /* GameViewController.swift in Sources */,
				778C8D95203F350200EA1A25 /* AppDelegate.swift in Sources */,
			);
			runOnlyForDeploymentPostprocessing = 0;
		};
/* End PBXSourcesBuildPhase section */

/* Begin PBXVariantGroup section */
		778C8D9E203F350200EA1A25 /* Main.storyboard */ = {
			isa = PBXVariantGroup;
			children = (
				778C8D9F203F350200EA1A25 /* Base */,
			);
			name = Main.storyboard;
			sourceTree = "<group>";
		};
		778C8DA3203F350200EA1A25 /* LaunchScreen.storyboard */ = {
			isa = PBXVariantGroup;
			children = (
				778C8DA4203F350200EA1A25 /* Base */,
			);
			name = LaunchScreen.storyboard;
			sourceTree = "<group>";
		};
/* End PBXVariantGroup section */

/* Begin XCBuildConfiguration section */
		778C8DA7203F350200EA1A25 /* Debug */ = {
			isa = XCBuildConfiguration;
			buildSettings = {
				ALWAYS_SEARCH_USER_PATHS = NO;
				CLANG_ANALYZER_NONNULL = YES;
				CLANG_ANALYZER_NUMBER_OBJECT_CONVERSION = YES_AGGRESSIVE;
				CLANG_CXX_LANGUAGE_STANDARD = "gnu++14";
				CLANG_CXX_LIBRARY = "libc++";
				CLANG_ENABLE_MODULES = YES;
				CLANG_ENABLE_OBJC_ARC = YES;
				CLANG_WARN_BLOCK_CAPTURE_AUTORELEASING = YES;
				CLANG_WARN_BOOL_CONVERSION = YES;
				CLANG_WARN_COMMA = YES;
				CLANG_WARN_CONSTANT_CONVERSION = YES;
				CLANG_WARN_DEPRECATED_OBJC_IMPLEMENTATIONS = YES;
				CLANG_WARN_DIRECT_OBJC_ISA_USAGE = YES_ERROR;
				CLANG_WARN_DOCUMENTATION_COMMENTS = YES;
				CLANG_WARN_EMPTY_BODY = YES;
				CLANG_WARN_ENUM_CONVERSION = YES;
				CLANG_WARN_INFINITE_RECURSION = YES;
				CLANG_WARN_INT_CONVERSION = YES;
				CLANG_WARN_NON_LITERAL_NULL_CONVERSION = YES;
				CLANG_WARN_OBJC_IMPLICIT_RETAIN_SELF = YES;
				CLANG_WARN_OBJC_LITERAL_CONVERSION = YES;
				CLANG_WARN_OBJC_ROOT_CLASS = YES_ERROR;
				CLANG_WARN_RANGE_LOOP_ANALYSIS = YES;
				CLANG_WARN_STRICT_PROTOTYPES = YES;
				CLANG_WARN_SUSPICIOUS_MOVE = YES;
				CLANG_WARN_UNGUARDED_AVAILABILITY = YES_AGGRESSIVE;
				CLANG_WARN_UNREACHABLE_CODE = YES;
				CLANG_WARN__DUPLICATE_METHOD_MATCH = YES;
				CODE_SIGN_IDENTITY = "iPhone Developer";
				COPY_PHASE_STRIP = NO;
				DEBUG_INFORMATION_FORMAT = dwarf;
				ENABLE_STRICT_OBJC_MSGSEND = YES;
				ENABLE_TESTABILITY = YES;
				GCC_C_LANGUAGE_STANDARD = gnu11;
				GCC_DYNAMIC_NO_PIC = NO;
				GCC_NO_COMMON_BLOCKS = YES;
				GCC_OPTIMIZATION_LEVEL = 0;
				GCC_PREPROCESSOR_DEFINITIONS = (
					"DEBUG=1",
					"$(inherited)",
				);
				GCC_WARN_64_TO_32_BIT_CONVERSION = YES;
				GCC_WARN_ABOUT_RETURN_TYPE = YES_ERROR;
				GCC_WARN_UNDECLARED_SELECTOR = YES;
				GCC_WARN_UNINITIALIZED_AUTOS = YES_AGGRESSIVE;
				GCC_WARN_UNUSED_FUNCTION = YES;
				GCC_WARN_UNUSED_VARIABLE = YES;
				IPHONEOS_DEPLOYMENT_TARGET = 11.2;
				MTL_ENABLE_DEBUG_INFO = YES;
				ONLY_ACTIVE_ARCH = YES;
				SDKROOT = iphoneos;
				SWIFT_ACTIVE_COMPILATION_CONDITIONS = DEBUG;
				SWIFT_OPTIMIZATION_LEVEL = "-Onone";
			};
			name = Debug;
		};
		778C8DA8203F350200EA1A25 /* Release */ = {
			isa = XCBuildConfiguration;
			buildSettings = {
				ALWAYS_SEARCH_USER_PATHS = NO;
				CLANG_ANALYZER_NONNULL = YES;
				CLANG_ANALYZER_NUMBER_OBJECT_CONVERSION = YES_AGGRESSIVE;
				CLANG_CXX_LANGUAGE_STANDARD = "gnu++14";
				CLANG_CXX_LIBRARY = "libc++";
				CLANG_ENABLE_MODULES = YES;
				CLANG_ENABLE_OBJC_ARC = YES;
				CLANG_WARN_BLOCK_CAPTURE_AUTORELEASING = YES;
				CLANG_WARN_BOOL_CONVERSION = YES;
				CLANG_WARN_COMMA = YES;
				CLANG_WARN_CONSTANT_CONVERSION = YES;
				CLANG_WARN_DEPRECATED_OBJC_IMPLEMENTATIONS = YES;
				CLANG_WARN_DIRECT_OBJC_ISA_USAGE = YES_ERROR;
				CLANG_WARN_DOCUMENTATION_COMMENTS = YES;
				CLANG_WARN_EMPTY_BODY = YES;
				CLANG_WARN_ENUM_CONVERSION = YES;
				CLANG_WARN_INFINITE_RECURSION = YES;
				CLANG_WARN_INT_CONVERSION = YES;
				CLANG_WARN_NON_LITERAL_NULL_CONVERSION = YES;
				CLANG_WARN_OBJC_IMPLICIT_RETAIN_SELF = YES;
				CLANG_WARN_OBJC_LITERAL_CONVERSION = YES;
				CLANG_WARN_OBJC_ROOT_CLASS = YES_ERROR;
				CLANG_WARN_RANGE_LOOP_ANALYSIS = YES;
				CLANG_WARN_STRICT_PROTOTYPES = YES;
				CLANG_WARN_SUSPICIOUS_MOVE = YES;
				CLANG_WARN_UNGUARDED_AVAILABILITY = YES_AGGRESSIVE;
				CLANG_WARN_UNREACHABLE_CODE = YES;
				CLANG_WARN__DUPLICATE_METHOD_MATCH = YES;
				CODE_SIGN_IDENTITY = "iPhone Developer";
				COPY_PHASE_STRIP = NO;
				DEBUG_INFORMATION_FORMAT = "dwarf-with-dsym";
				ENABLE_NS_ASSERTIONS = NO;
				ENABLE_STRICT_OBJC_MSGSEND = YES;
				GCC_C_LANGUAGE_STANDARD = gnu11;
				GCC_NO_COMMON_BLOCKS = YES;
				GCC_WARN_64_TO_32_BIT_CONVERSION = YES;
				GCC_WARN_ABOUT_RETURN_TYPE = YES_ERROR;
				GCC_WARN_UNDECLARED_SELECTOR = YES;
				GCC_WARN_UNINITIALIZED_AUTOS = YES_AGGRESSIVE;
				GCC_WARN_UNUSED_FUNCTION = YES;
				GCC_WARN_UNUSED_VARIABLE = YES;
				IPHONEOS_DEPLOYMENT_TARGET = 11.2;
				MTL_ENABLE_DEBUG_INFO = NO;
				SDKROOT = iphoneos;
				SWIFT_OPTIMIZATION_LEVEL = "-Owholemodule";
				VALIDATE_PRODUCT = YES;
			};
			name = Release;
		};
		778C8DAA203F350200EA1A25 /* Debug */ = {
			isa = XCBuildConfiguration;
			baseConfigurationReference = 1A4198A147B74077374EDE7F /* Pods-SpineSampleProject.debug.xcconfig */;
			buildSettings = {
				ASSETCATALOG_COMPILER_APPICON_NAME = AppIcon;
				CODE_SIGN_STYLE = Automatic;
				DEVELOPMENT_TEAM = 29E66XW7ZX;
				INFOPLIST_FILE = SpineSampleProject/Info.plist;
				LD_RUNPATH_SEARCH_PATHS = "$(inherited) @executable_path/Frameworks";
				PRODUCT_BUNDLE_IDENTIFIER = pro.maxgribov.SpineSampleProject;
				PRODUCT_NAME = "$(TARGET_NAME)";
				SWIFT_VERSION = 5.0;
				TARGETED_DEVICE_FAMILY = "1,2";
			};
			name = Debug;
		};
		778C8DAB203F350200EA1A25 /* Release */ = {
			isa = XCBuildConfiguration;
			baseConfigurationReference = FA4C7E843F882DE86016AC5C /* Pods-SpineSampleProject.release.xcconfig */;
			buildSettings = {
				ASSETCATALOG_COMPILER_APPICON_NAME = AppIcon;
				CODE_SIGN_STYLE = Automatic;
				DEVELOPMENT_TEAM = 29E66XW7ZX;
				INFOPLIST_FILE = SpineSampleProject/Info.plist;
				LD_RUNPATH_SEARCH_PATHS = "$(inherited) @executable_path/Frameworks";
				PRODUCT_BUNDLE_IDENTIFIER = pro.maxgribov.SpineSampleProject;
				PRODUCT_NAME = "$(TARGET_NAME)";
				SWIFT_VERSION = 5.0;
				TARGETED_DEVICE_FAMILY = "1,2";
			};
			name = Release;
		};
/* End XCBuildConfiguration section */

/* Begin XCConfigurationList section */
		778C8D8C203F350200EA1A25 /* Build configuration list for PBXProject "SpineSampleProject" */ = {
			isa = XCConfigurationList;
			buildConfigurations = (
				778C8DA7203F350200EA1A25 /* Debug */,
				778C8DA8203F350200EA1A25 /* Release */,
			);
			defaultConfigurationIsVisible = 0;
			defaultConfigurationName = Release;
		};
		778C8DA9203F350200EA1A25 /* Build configuration list for PBXNativeTarget "SpineSampleProject" */ = {
			isa = XCConfigurationList;
			buildConfigurations = (
				778C8DAA203F350200EA1A25 /* Debug */,
				778C8DAB203F350200EA1A25 /* Release */,
			);
			defaultConfigurationIsVisible = 0;
			defaultConfigurationName = Release;
		};
/* End XCConfigurationList section */
	};
	rootObject = 778C8D89203F350200EA1A25 /* Project object */;
}
